
Microsoft Visual Studio Solution File, Format Version 12.00
# Visual Studio Version 17
VisualStudioVersion = 17.5.33516.290
MinimumVisualStudioVersion = 10.0.40219.1
Project("{FAE04EC0-301F-11D3-BF4B-00C04F79EFBC}") = "Kutyak", "Kutyak\Kutyak.csproj", "{E32029F5-AB50-444F-A251-54D2C7FE3CA5}"
EndProject
Global
	GlobalSection(SolutionConfigurationPlatforms) = preSolution
		Debug|Any CPU = Debug|Any CPU
		Release|Any CPU = Release|Any CPU
	EndGlobalSection
	GlobalSection(ProjectConfigurationPlatforms) = postSolution
		{E32029F5-AB50-444F-A251-54D2C7FE3CA5}.Debug|Any CPU.ActiveCfg = Debug|Any CPU
		{E32029F5-AB50-444F-A251-54D2C7FE3CA5}.Debug|Any CPU.Build.0 = Debug|Any CPU
		{E32029F5-AB50-444F-A251-54D2C7FE3CA5}.Release|Any CPU.ActiveCfg = Release|Any CPU
		{E32029F5-AB50-444F-A251-54D2C7FE3CA5}.Release|Any CPU.Build.0 = Release|Any CPU
	EndGlobalSection
	GlobalSection(SolutionProperties) = preSolution
		HideSolutionNode = FALSE
	EndGlobalSection
	GlobalSection(ExtensibilityGlobals) = postSolution
		SolutionGuid = {8CFF99FC-A2A2-436A-9F44-DE678BAFA3E7}
	EndGlobalSection
EndGlobal
